
Microsoft Visual Studio Solution File, Format Version 12.00
Project("{FAE04EC0-301F-11D3-BF4B-00C04F79EFBC}") = "ConsoleApp1", "ConsoleApp1\ConsoleApp1.csproj", "{401D1E71-0845-430E-A6DA-7AB48CF93AEB}"
EndProject
Global
	GlobalSection(SolutionConfigurationPlatforms) = preSolution
		Debug|Any CPU = Debug|Any CPU
		Release|Any CPU = Release|Any CPU
	EndGlobalSection
	GlobalSection(ProjectConfigurationPlatforms) = postSolution
		{401D1E71-0845-430E-A6DA-7AB48CF93AEB}.Debug|Any CPU.ActiveCfg = Debug|Any CPU
		{401D1E71-0845-430E-A6DA-7AB48CF93AEB}.Debug|Any CPU.Build.0 = Debug|Any CPU
		{401D1E71-0845-430E-A6DA-7AB48CF93AEB}.Release|Any CPU.ActiveCfg = Release|Any CPU
		{401D1E71-0845-430E-A6DA-7AB48CF93AEB}.Release|Any CPU.Build.0 = Release|Any CPU
	EndGlobalSection
EndGlobal
